
Microsoft Visual Studio Solution File, Format Version 12.00
# Visual Studio Version 16
VisualStudioVersion = 16.0.29409.12
MinimumVisualStudioVersion = 10.0.40219.1
Project("{FAE04EC0-301F-11D3-BF4B-00C04F79EFBC}") = "Thread01", "Thread01\Thread01.csproj", "{C0E9608A-E5F1-421B-A214-8BEAB042D9B5}"
EndProject
Project("{FAE04EC0-301F-11D3-BF4B-00C04F79EFBC}") = "Thread02", "Thread02\Thread02.csproj", "{071F3CF6-48CA-4F52-A672-AB667CA49C39}"
EndProject
Project("{FAE04EC0-301F-11D3-BF4B-00C04F79EFBC}") = "Thread03_Parameter", "Thread03_Parameter\Thread03_Parameter.csproj", "{DF15AEF4-3EC8-4FB3-A32B-983F72A7C2DC}"
EndProject
Project("{FAE04EC0-301F-11D3-BF4B-00C04F79EFBC}") = "Thread04_Abort", "Thread04_Abort\Thread04_Abort.csproj", "{A1176866-9D4B-4B19-88DD-1086B0C48308}"
EndProject
Project("{FAE04EC0-301F-11D3-BF4B-00C04F79EFBC}") = "Thread05_lock", "Thread05_lock\Thread05_lock.csproj", "{86AE7AFB-50DA-4FA1-B699-034A828E8ECC}"
EndProject
Project("{FAE04EC0-301F-11D3-BF4B-00C04F79EFBC}") = "Task01", "Task01\Task01.csproj", "{6A6BEBC6-A1FA-4E79-8FC2-9249C0752A45}"
EndProject
Project("{FAE04EC0-301F-11D3-BF4B-00C04F79EFBC}") = "Task02", "Task02\Task02.csproj", "{6AA5D7E6-3DA0-4337-ABF5-B5CCA9A741E7}"
EndProject
Project("{FAE04EC0-301F-11D3-BF4B-00C04F79EFBC}") = "Task03_PrimeNumber", "Task03_PrimeNumber\Task03_PrimeNumber.csproj", "{31B06C15-0757-4D46-983B-2C11ABA31AFE}"
EndProject
Project("{FAE04EC0-301F-11D3-BF4B-00C04F79EFBC}") = "Task04_Parallel", "Task04_Parallel\Task04_Parallel.csproj", "{CBF5B298-8D8E-4318-9A19-D39487A4F320}"
EndProject
Project("{FAE04EC0-301F-11D3-BF4B-00C04F79EFBC}") = "Task05_AsyncAwait", "Task05_AsyncAwait\Task05_AsyncAwait.csproj", "{D0358B9E-897D-4A9C-8DF0-BA176D334720}"
EndProject
Project("{FAE04EC0-301F-11D3-BF4B-00C04F79EFBC}") = "Thread06_PrimeNum", "Thread06_PrimeNum\Thread06_PrimeNum.csproj", "{97BA0ED9-4250-4438-816C-338A385BCBD1}"
EndProject
Project("{FAE04EC0-301F-11D3-BF4B-00C04F79EFBC}") = "TaskTest01", "TaskTest01\TaskTest01.csproj", "{413A9D84-B352-438A-BAA3-8B2E37B359B3}"
EndProject
Project("{FAE04EC0-301F-11D3-BF4B-00C04F79EFBC}") = "AsyncAwait", "AsyncAwait\AsyncAwait.csproj", "{86E5553F-206D-4152-ACA2-26AB1DA1AB6A}"
EndProject
Project("{FAE04EC0-301F-11D3-BF4B-00C04F79EFBC}") = "MakeBreakfast01_Sync", "MakeBreakfast01_Sync\MakeBreakfast01_Sync.csproj", "{BD6A4549-A56D-43A7-A73D-B070065615E1}"
EndProject
Project("{FAE04EC0-301F-11D3-BF4B-00C04F79EFBC}") = "MakeBreakfast02_Async", "MakeBreakfast02_Async\MakeBreakfast02_Async.csproj", "{F26E7F35-18D7-45D5-B050-A4BCA736FB60}"
EndProject
Project("{FAE04EC0-301F-11D3-BF4B-00C04F79EFBC}") = "Task08_AsyncAPI", "Task08_AsyncAPI\Task08_AsyncAPI.csproj", "{E2451866-ABA4-45E8-A06F-21F6CDAC46A0}"
EndProject
Global
	GlobalSection(SolutionConfigurationPlatforms) = preSolution
		Debug|Any CPU = Debug|Any CPU
		Release|Any CPU = Release|Any CPU
	EndGlobalSection
	GlobalSection(ProjectConfigurationPlatforms) = postSolution
		{C0E9608A-E5F1-421B-A214-8BEAB042D9B5}.Debug|Any CPU.ActiveCfg = Debug|Any CPU
		{C0E9608A-E5F1-421B-A214-8BEAB042D9B5}.Debug|Any CPU.Build.0 = Debug|Any CPU
		{C0E9608A-E5F1-421B-A214-8BEAB042D9B5}.Release|Any CPU.ActiveCfg = Release|Any CPU
		{C0E9608A-E5F1-421B-A214-8BEAB042D9B5}.Release|Any CPU.Build.0 = Release|Any CPU
		{071F3CF6-48CA-4F52-A672-AB667CA49C39}.Debug|Any CPU.ActiveCfg = Debug|Any CPU
		{071F3CF6-48CA-4F52-A672-AB667CA49C39}.Debug|Any CPU.Build.0 = Debug|Any CPU
		{071F3CF6-48CA-4F52-A672-AB667CA49C39}.Release|Any CPU.ActiveCfg = Release|Any CPU
		{071F3CF6-48CA-4F52-A672-AB667CA49C39}.Release|Any CPU.Build.0 = Release|Any CPU
		{DF15AEF4-3EC8-4FB3-A32B-983F72A7C2DC}.Debug|Any CPU.ActiveCfg = Debug|Any CPU
		{DF15AEF4-3EC8-4FB3-A32B-983F72A7C2DC}.Debug|Any CPU.Build.0 = Debug|Any CPU
		{DF15AEF4-3EC8-4FB3-A32B-983F72A7C2DC}.Release|Any CPU.ActiveCfg = Release|Any CPU
		{DF15AEF4-3EC8-4FB3-A32B-983F72A7C2DC}.Release|Any CPU.Build.0 = Release|Any CPU
		{A1176866-9D4B-4B19-88DD-1086B0C48308}.Debug|Any CPU.ActiveCfg = Debug|Any CPU
		{A1176866-9D4B-4B19-88DD-1086B0C48308}.Debug|Any CPU.Build.0 = Debug|Any CPU
		{A1176866-9D4B-4B19-88DD-1086B0C48308}.Release|Any CPU.ActiveCfg = Release|Any CPU
		{A1176866-9D4B-4B19-88DD-1086B0C48308}.Release|Any CPU.Build.0 = Release|Any CPU
		{86AE7AFB-50DA-4FA1-B699-034A828E8ECC}.Debug|Any CPU.ActiveCfg = Debug|Any CPU
		{86AE7AFB-50DA-4FA1-B699-034A828E8ECC}.Debug|Any CPU.Build.0 = Debug|Any CPU
		{86AE7AFB-50DA-4FA1-B699-034A828E8ECC}.Release|Any CPU.ActiveCfg = Release|Any CPU
		{86AE7AFB-50DA-4FA1-B699-034A828E8ECC}.Release|Any CPU.Build.0 = Release|Any CPU
		{6A6BEBC6-A1FA-4E79-8FC2-9249C0752A45}.Debug|Any CPU.ActiveCfg = Debug|Any CPU
		{6A6BEBC6-A1FA-4E79-8FC2-9249C0752A45}.Debug|Any CPU.Build.0 = Debug|Any CPU
		{6A6BEBC6-A1FA-4E79-8FC2-9249C0752A45}.Release|Any CPU.ActiveCfg = Release|Any CPU
		{6A6BEBC6-A1FA-4E79-8FC2-9249C0752A45}.Release|Any CPU.Build.0 = Release|Any CPU
		{6AA5D7E6-3DA0-4337-ABF5-B5CCA9A741E7}.Debug|Any CPU.ActiveCfg = Debug|Any CPU
		{6AA5D7E6-3DA0-4337-ABF5-B5CCA9A741E7}.Debug|Any CPU.Build.0 = Debug|Any CPU
		{6AA5D7E6-3DA0-4337-ABF5-B5CCA9A741E7}.Release|Any CPU.ActiveCfg = Release|Any CPU
		{6AA5D7E6-3DA0-4337-ABF5-B5CCA9A741E7}.Release|Any CPU.Build.0 = Release|Any CPU
		{31B06C15-0757-4D46-983B-2C11ABA31AFE}.Debug|Any CPU.ActiveCfg = Debug|Any CPU
		{31B06C15-0757-4D46-983B-2C11ABA31AFE}.Debug|Any CPU.Build.0 = Debug|Any CPU
		{31B06C15-0757-4D46-983B-2C11ABA31AFE}.Release|Any CPU.ActiveCfg = Release|Any CPU
		{31B06C15-0757-4D46-983B-2C11ABA31AFE}.Release|Any CPU.Build.0 = Release|Any CPU
		{CBF5B298-8D8E-4318-9A19-D39487A4F320}.Debug|Any CPU.ActiveCfg = Debug|Any CPU
		{CBF5B298-8D8E-4318-9A19-D39487A4F320}.Debug|Any CPU.Build.0 = Debug|Any CPU
		{CBF5B298-8D8E-4318-9A19-D39487A4F320}.Release|Any CPU.ActiveCfg = Release|Any CPU
		{CBF5B298-8D8E-4318-9A19-D39487A4F320}.Release|Any CPU.Build.0 = Release|Any CPU
		{D0358B9E-897D-4A9C-8DF0-BA176D334720}.Debug|Any CPU.ActiveCfg = Debug|Any CPU
		{D0358B9E-897D-4A9C-8DF0-BA176D334720}.Debug|Any CPU.Build.0 = Debug|Any CPU
		{D0358B9E-897D-4A9C-8DF0-BA176D334720}.Release|Any CPU.ActiveCfg = Release|Any CPU
		{D0358B9E-897D-4A9C-8DF0-BA176D334720}.Release|Any CPU.Build.0 = Release|Any CPU
		{97BA0ED9-4250-4438-816C-338A385BCBD1}.Debug|Any CPU.ActiveCfg = Debug|Any CPU
		{97BA0ED9-4250-4438-816C-338A385BCBD1}.Debug|Any CPU.Build.0 = Debug|Any CPU
		{97BA0ED9-4250-4438-816C-338A385BCBD1}.Release|Any CPU.ActiveCfg = Release|Any CPU
		{97BA0ED9-4250-4438-816C-338A385BCBD1}.Release|Any CPU.Build.0 = Release|Any CPU
		{413A9D84-B352-438A-BAA3-8B2E37B359B3}.Debug|Any CPU.ActiveCfg = Debug|Any CPU
		{413A9D84-B352-438A-BAA3-8B2E37B359B3}.Debug|Any CPU.Build.0 = Debug|Any CPU
		{413A9D84-B352-438A-BAA3-8B2E37B359B3}.Release|Any CPU.ActiveCfg = Release|Any CPU
		{413A9D84-B352-438A-BAA3-8B2E37B359B3}.Release|Any CPU.Build.0 = Release|Any CPU
		{86E5553F-206D-4152-ACA2-26AB1DA1AB6A}.Debug|Any CPU.ActiveCfg = Debug|Any CPU
		{86E5553F-206D-4152-ACA2-26AB1DA1AB6A}.Debug|Any CPU.Build.0 = Debug|Any CPU
		{86E5553F-206D-4152-ACA2-26AB1DA1AB6A}.Release|Any CPU.ActiveCfg = Release|Any CPU
		{86E5553F-206D-4152-ACA2-26AB1DA1AB6A}.Release|Any CPU.Build.0 = Release|Any CPU
		{BD6A4549-A56D-43A7-A73D-B070065615E1}.Debug|Any CPU.ActiveCfg = Debug|Any CPU
		{BD6A4549-A56D-43A7-A73D-B070065615E1}.Debug|Any CPU.Build.0 = Debug|Any CPU
		{BD6A4549-A56D-43A7-A73D-B070065615E1}.Release|Any CPU.ActiveCfg = Release|Any CPU
		{BD6A4549-A56D-43A7-A73D-B070065615E1}.Release|Any CPU.Build.0 = Release|Any CPU
		{F26E7F35-18D7-45D5-B050-A4BCA736FB60}.Debug|Any CPU.ActiveCfg = Debug|Any CPU
		{F26E7F35-18D7-45D5-B050-A4BCA736FB60}.Debug|Any CPU.Build.0 = Debug|Any CPU
		{F26E7F35-18D7-45D5-B050-A4BCA736FB60}.Release|Any CPU.ActiveCfg = Release|Any CPU
		{F26E7F35-18D7-45D5-B050-A4BCA736FB60}.Release|Any CPU.Build.0 = Release|Any CPU
		{E2451866-ABA4-45E8-A06F-21F6CDAC46A0}.Debug|Any CPU.ActiveCfg = Debug|Any CPU
		{E2451866-ABA4-45E8-A06F-21F6CDAC46A0}.Debug|Any CPU.Build.0 = Debug|Any CPU
		{E2451866-ABA4-45E8-A06F-21F6CDAC46A0}.Release|Any CPU.ActiveCfg = Release|Any CPU
		{E2451866-ABA4-45E8-A06F-21F6CDAC46A0}.Release|Any CPU.Build.0 = Release|Any CPU
	EndGlobalSection
	GlobalSection(SolutionProperties) = preSolution
		HideSolutionNode = FALSE
	EndGlobalSection
	GlobalSection(ExtensibilityGlobals) = postSolution
		SolutionGuid = {A9D51B19-55E2-4512-ACEB-424B58C4A150}
	EndGlobalSection
EndGlobal
