
Microsoft Visual Studio Solution File, Format Version 12.00
# Visual Studio Version 16
VisualStudioVersion = 16.0.29424.173
MinimumVisualStudioVersion = 10.0.40219.1
Project("{FAE04EC0-301F-11D3-BF4B-00C04F79EFBC}") = "WinFormDB01", "WinFormDB01\WinFormDB01.csproj", "{84B58267-123C-4005-B7F9-100C0850DB39}"
EndProject
Project("{FAE04EC0-301F-11D3-BF4B-00C04F79EFBC}") = "WinFormDB02_DataGridView", "WinFormDB02_DataGridView\WinFormDB02_DataGridView.csproj", "{7BD2BDFB-F52A-41FB-BD99-AF7CFD3A7150}"
EndProject
Project("{FAE04EC0-301F-11D3-BF4B-00C04F79EFBC}") = "WinFormDB02_DataReader", "WinFormDB02_DataReader\WinFormDB02_DataReader.csproj", "{D770F1B7-D423-4FEE-AC07-076758543C52}"
EndProject
Project("{FAE04EC0-301F-11D3-BF4B-00C04F79EFBC}") = "WinFormDB03_DataCommand", "WinFormDB03_DataCommand\WinFormDB03_DataCommand.csproj", "{B6CC7701-8199-424E-A4DA-6A3F7E1CA4E6}"
EndProject
Project("{FAE04EC0-301F-11D3-BF4B-00C04F79EFBC}") = "WinFormDB04_DataAdapter", "WinFormDB04_DataAdapter\WinFormDB04_DataAdapter.csproj", "{61D51335-ADB2-4E17-AFEC-8183B7ADF36F}"
EndProject
Project("{FAE04EC0-301F-11D3-BF4B-00C04F79EFBC}") = "WinFormDB04_DataCommand", "WinFormDB04_DataCommand\WinFormDB04_DataCommand.csproj", "{B994340A-AD91-48A9-83EB-B3374A2D1456}"
EndProject
Global
	GlobalSection(SolutionConfigurationPlatforms) = preSolution
		Debug|Any CPU = Debug|Any CPU
		Release|Any CPU = Release|Any CPU
	EndGlobalSection
	GlobalSection(ProjectConfigurationPlatforms) = postSolution
		{84B58267-123C-4005-B7F9-100C0850DB39}.Debug|Any CPU.ActiveCfg = Debug|Any CPU
		{84B58267-123C-4005-B7F9-100C0850DB39}.Debug|Any CPU.Build.0 = Debug|Any CPU
		{84B58267-123C-4005-B7F9-100C0850DB39}.Release|Any CPU.ActiveCfg = Release|Any CPU
		{84B58267-123C-4005-B7F9-100C0850DB39}.Release|Any CPU.Build.0 = Release|Any CPU
		{7BD2BDFB-F52A-41FB-BD99-AF7CFD3A7150}.Debug|Any CPU.ActiveCfg = Debug|Any CPU
		{7BD2BDFB-F52A-41FB-BD99-AF7CFD3A7150}.Debug|Any CPU.Build.0 = Debug|Any CPU
		{7BD2BDFB-F52A-41FB-BD99-AF7CFD3A7150}.Release|Any CPU.ActiveCfg = Release|Any CPU
		{7BD2BDFB-F52A-41FB-BD99-AF7CFD3A7150}.Release|Any CPU.Build.0 = Release|Any CPU
		{D770F1B7-D423-4FEE-AC07-076758543C52}.Debug|Any CPU.ActiveCfg = Debug|Any CPU
		{D770F1B7-D423-4FEE-AC07-076758543C52}.Debug|Any CPU.Build.0 = Debug|Any CPU
		{D770F1B7-D423-4FEE-AC07-076758543C52}.Release|Any CPU.ActiveCfg = Release|Any CPU
		{D770F1B7-D423-4FEE-AC07-076758543C52}.Release|Any CPU.Build.0 = Release|Any CPU
		{B6CC7701-8199-424E-A4DA-6A3F7E1CA4E6}.Debug|Any CPU.ActiveCfg = Debug|Any CPU
		{B6CC7701-8199-424E-A4DA-6A3F7E1CA4E6}.Debug|Any CPU.Build.0 = Debug|Any CPU
		{B6CC7701-8199-424E-A4DA-6A3F7E1CA4E6}.Release|Any CPU.ActiveCfg = Release|Any CPU
		{B6CC7701-8199-424E-A4DA-6A3F7E1CA4E6}.Release|Any CPU.Build.0 = Release|Any CPU
		{61D51335-ADB2-4E17-AFEC-8183B7ADF36F}.Debug|Any CPU.ActiveCfg = Debug|Any CPU
		{61D51335-ADB2-4E17-AFEC-8183B7ADF36F}.Debug|Any CPU.Build.0 = Debug|Any CPU
		{61D51335-ADB2-4E17-AFEC-8183B7ADF36F}.Release|Any CPU.ActiveCfg = Release|Any CPU
		{61D51335-ADB2-4E17-AFEC-8183B7ADF36F}.Release|Any CPU.Build.0 = Release|Any CPU
		{B994340A-AD91-48A9-83EB-B3374A2D1456}.Debug|Any CPU.ActiveCfg = Debug|Any CPU
		{B994340A-AD91-48A9-83EB-B3374A2D1456}.Debug|Any CPU.Build.0 = Debug|Any CPU
		{B994340A-AD91-48A9-83EB-B3374A2D1456}.Release|Any CPU.ActiveCfg = Release|Any CPU
		{B994340A-AD91-48A9-83EB-B3374A2D1456}.Release|Any CPU.Build.0 = Release|Any CPU
	EndGlobalSection
	GlobalSection(SolutionProperties) = preSolution
		HideSolutionNode = FALSE
	EndGlobalSection
	GlobalSection(ExtensibilityGlobals) = postSolution
		SolutionGuid = {5AD684CD-569B-40A0-8B35-0BE4C4F9642F}
	EndGlobalSection
EndGlobal
