
Microsoft Visual Studio Solution File, Format Version 12.00
# Visual Studio Version 16
VisualStudioVersion = 16.0.29424.173
MinimumVisualStudioVersion = 10.0.40219.1
Project("{FAE04EC0-301F-11D3-BF4B-00C04F79EFBC}") = "WinFormDB01", "WinFormDB01\WinFormDB01.csproj", "{84B58267-123C-4005-B7F9-100C0850DB39}"
EndProject
Project("{FAE04EC0-301F-11D3-BF4B-00C04F79EFBC}") = "WinFormDB02_DataGridView", "WinFormDB02_DataGridView\WinFormDB02_DataGridView.csproj", "{7BD2BDFB-F52A-41FB-BD99-AF7CFD3A7150}"
EndProject
Project("{FAE04EC0-301F-11D3-BF4B-00C04F79EFBC}") = "WinFormDB02_DataReader", "WinFormDB02_DataReader\WinFormDB02_DataReader.csproj", "{D770F1B7-D423-4FEE-AC07-076758543C52}"
EndProject
Project("{FAE04EC0-301F-11D3-BF4B-00C04F79EFBC}") = "WinFormDB03_DataCommand", "WinFormDB03_DataCommand\WinFormDB03_DataCommand.csproj", "{B6CC7701-8199-424E-A4DA-6A3F7E1CA4E6}"
EndProject
Project("{FAE04EC0-301F-11D3-BF4B-00C04F79EFBC}") = "WinFormDB04_DataAdapter", "WinFormDB04_DataAdapter\WinFormDB04_DataAdapter.csproj", "{61D51335-ADB2-4E17-AFEC-8183B7ADF36F}"
EndProject
Project("{FAE04EC0-301F-11D3-BF4B-00C04F79EFBC}") = "WinFormDB04_DataCommand", "WinFormDB04_DataCommand\WinFormDB04_DataCommand.csproj", "{B994340A-AD91-48A9-83EB-B3374A2D1456}"
EndProject
Project("{FAE04EC0-301F-11D3-BF4B-00C04F79EFBC}") = "Console01_DataTable", "Console01_DataTable\Console01_DataTable.csproj", "{808B6CB5-F006-49DF-B8B5-C6E389188B02}"
EndProject
Project("{FAE04EC0-301F-11D3-BF4B-00C04F79EFBC}") = "CSharp7_DB01", "CSharp7_DB01\CSharp7_DB01.csproj", "{E040500A-D9EE-4884-88FE-8D069FC72ECF}"
EndProject
Project("{FAE04EC0-301F-11D3-BF4B-00C04F79EFBC}") = "CSharp7_DB02", "CSharp7_DB02\CSharp7_DB02.csproj", "{983D9E3F-2599-4734-A5D2-F6B1BE18C467}"
EndProject
Project("{FAE04EC0-301F-11D3-BF4B-00C04F79EFBC}") = "ChSharp7_DB03_DataSet", "ChSharp7_DB03_DataSet\ChSharp7_DB03_DataSet.csproj", "{E6571745-28FE-4DA1-BC2E-18B46C32558D}"
EndProject
Project("{FAE04EC0-301F-11D3-BF4B-00C04F79EFBC}") = "CSharp7_DB03_DataSet", "CSharp7_DB03_DataSet\CSharp7_DB03_DataSet.csproj", "{B074B330-4527-453F-9586-4064346FFBAB}"
EndProject
Project("{FAE04EC0-301F-11D3-BF4B-00C04F79EFBC}") = "CSharp7_DB04_Insert", "CSharp7_DB04_Insert\CSharp7_DB04_Insert.csproj", "{208B77DA-AAB2-47DB-A458-00418E046E51}"
EndProject
Project("{FAE04EC0-301F-11D3-BF4B-00C04F79EFBC}") = "WinFormDB08_DataSet", "WinFormDB08_DataSet\WinFormDB08_DataSet.csproj", "{2C64223A-ECFE-463E-8977-372A50C4C8C6}"
EndProject
Project("{FAE04EC0-301F-11D3-BF4B-00C04F79EFBC}") = "WinFormDB09_Tab", "WinFormDB09_Tab\WinFormDB09_Tab.csproj", "{0484E5BC-624A-4DBE-BB8A-21C27ECCBC82}"
EndProject
Project("{FAE04EC0-301F-11D3-BF4B-00C04F79EFBC}") = "WinFormDB10_NewForm", "WinFormDB10_NewForm\WinFormDB10_NewForm.csproj", "{623E4E60-FEF0-4380-9F9E-7E56B05D85CF}"
EndProject
Project("{FAE04EC0-301F-11D3-BF4B-00C04F79EFBC}") = "WinFormProjectSample", "WinFormProjectSample\WinFormProjectSample.csproj", "{7E175B9B-58D6-4055-A532-DA45DFBA0B02}"
EndProject
Project("{FAE04EC0-301F-11D3-BF4B-00C04F79EFBC}") = "WinFormProject_Excel", "WinFormProject_Excel\WinFormProject_Excel.csproj", "{BC719183-FD0C-471F-BE70-E53C16413F91}"
EndProject
Project("{FAE04EC0-301F-11D3-BF4B-00C04F79EFBC}") = "Practice_testDB_OrderTable", "Practice_testDB_OrderTable\Practice_testDB_OrderTable.csproj", "{F3F60C41-A6B3-40A5-8D21-DBAEABD402ED}"
EndProject
Global
	GlobalSection(SolutionConfigurationPlatforms) = preSolution
		Debug|Any CPU = Debug|Any CPU
		Release|Any CPU = Release|Any CPU
	EndGlobalSection
	GlobalSection(ProjectConfigurationPlatforms) = postSolution
		{84B58267-123C-4005-B7F9-100C0850DB39}.Debug|Any CPU.ActiveCfg = Debug|Any CPU
		{84B58267-123C-4005-B7F9-100C0850DB39}.Debug|Any CPU.Build.0 = Debug|Any CPU
		{84B58267-123C-4005-B7F9-100C0850DB39}.Release|Any CPU.ActiveCfg = Release|Any CPU
		{84B58267-123C-4005-B7F9-100C0850DB39}.Release|Any CPU.Build.0 = Release|Any CPU
		{7BD2BDFB-F52A-41FB-BD99-AF7CFD3A7150}.Debug|Any CPU.ActiveCfg = Debug|Any CPU
		{7BD2BDFB-F52A-41FB-BD99-AF7CFD3A7150}.Debug|Any CPU.Build.0 = Debug|Any CPU
		{7BD2BDFB-F52A-41FB-BD99-AF7CFD3A7150}.Release|Any CPU.ActiveCfg = Release|Any CPU
		{7BD2BDFB-F52A-41FB-BD99-AF7CFD3A7150}.Release|Any CPU.Build.0 = Release|Any CPU
		{D770F1B7-D423-4FEE-AC07-076758543C52}.Debug|Any CPU.ActiveCfg = Debug|Any CPU
		{D770F1B7-D423-4FEE-AC07-076758543C52}.Debug|Any CPU.Build.0 = Debug|Any CPU
		{D770F1B7-D423-4FEE-AC07-076758543C52}.Release|Any CPU.ActiveCfg = Release|Any CPU
		{D770F1B7-D423-4FEE-AC07-076758543C52}.Release|Any CPU.Build.0 = Release|Any CPU
		{B6CC7701-8199-424E-A4DA-6A3F7E1CA4E6}.Debug|Any CPU.ActiveCfg = Debug|Any CPU
		{B6CC7701-8199-424E-A4DA-6A3F7E1CA4E6}.Debug|Any CPU.Build.0 = Debug|Any CPU
		{B6CC7701-8199-424E-A4DA-6A3F7E1CA4E6}.Release|Any CPU.ActiveCfg = Release|Any CPU
		{B6CC7701-8199-424E-A4DA-6A3F7E1CA4E6}.Release|Any CPU.Build.0 = Release|Any CPU
		{61D51335-ADB2-4E17-AFEC-8183B7ADF36F}.Debug|Any CPU.ActiveCfg = Debug|Any CPU
		{61D51335-ADB2-4E17-AFEC-8183B7ADF36F}.Debug|Any CPU.Build.0 = Debug|Any CPU
		{61D51335-ADB2-4E17-AFEC-8183B7ADF36F}.Release|Any CPU.ActiveCfg = Release|Any CPU
		{61D51335-ADB2-4E17-AFEC-8183B7ADF36F}.Release|Any CPU.Build.0 = Release|Any CPU
		{B994340A-AD91-48A9-83EB-B3374A2D1456}.Debug|Any CPU.ActiveCfg = Debug|Any CPU
		{B994340A-AD91-48A9-83EB-B3374A2D1456}.Debug|Any CPU.Build.0 = Debug|Any CPU
		{B994340A-AD91-48A9-83EB-B3374A2D1456}.Release|Any CPU.ActiveCfg = Release|Any CPU
		{B994340A-AD91-48A9-83EB-B3374A2D1456}.Release|Any CPU.Build.0 = Release|Any CPU
		{808B6CB5-F006-49DF-B8B5-C6E389188B02}.Debug|Any CPU.ActiveCfg = Debug|Any CPU
		{808B6CB5-F006-49DF-B8B5-C6E389188B02}.Debug|Any CPU.Build.0 = Debug|Any CPU
		{808B6CB5-F006-49DF-B8B5-C6E389188B02}.Release|Any CPU.ActiveCfg = Release|Any CPU
		{808B6CB5-F006-49DF-B8B5-C6E389188B02}.Release|Any CPU.Build.0 = Release|Any CPU
		{E040500A-D9EE-4884-88FE-8D069FC72ECF}.Debug|Any CPU.ActiveCfg = Debug|Any CPU
		{E040500A-D9EE-4884-88FE-8D069FC72ECF}.Debug|Any CPU.Build.0 = Debug|Any CPU
		{E040500A-D9EE-4884-88FE-8D069FC72ECF}.Release|Any CPU.ActiveCfg = Release|Any CPU
		{E040500A-D9EE-4884-88FE-8D069FC72ECF}.Release|Any CPU.Build.0 = Release|Any CPU
		{983D9E3F-2599-4734-A5D2-F6B1BE18C467}.Debug|Any CPU.ActiveCfg = Debug|Any CPU
		{983D9E3F-2599-4734-A5D2-F6B1BE18C467}.Debug|Any CPU.Build.0 = Debug|Any CPU
		{983D9E3F-2599-4734-A5D2-F6B1BE18C467}.Release|Any CPU.ActiveCfg = Release|Any CPU
		{983D9E3F-2599-4734-A5D2-F6B1BE18C467}.Release|Any CPU.Build.0 = Release|Any CPU
		{E6571745-28FE-4DA1-BC2E-18B46C32558D}.Debug|Any CPU.ActiveCfg = Debug|Any CPU
		{E6571745-28FE-4DA1-BC2E-18B46C32558D}.Debug|Any CPU.Build.0 = Debug|Any CPU
		{E6571745-28FE-4DA1-BC2E-18B46C32558D}.Release|Any CPU.ActiveCfg = Release|Any CPU
		{E6571745-28FE-4DA1-BC2E-18B46C32558D}.Release|Any CPU.Build.0 = Release|Any CPU
		{B074B330-4527-453F-9586-4064346FFBAB}.Debug|Any CPU.ActiveCfg = Debug|Any CPU
		{B074B330-4527-453F-9586-4064346FFBAB}.Debug|Any CPU.Build.0 = Debug|Any CPU
		{B074B330-4527-453F-9586-4064346FFBAB}.Release|Any CPU.ActiveCfg = Release|Any CPU
		{B074B330-4527-453F-9586-4064346FFBAB}.Release|Any CPU.Build.0 = Release|Any CPU
		{208B77DA-AAB2-47DB-A458-00418E046E51}.Debug|Any CPU.ActiveCfg = Debug|Any CPU
		{208B77DA-AAB2-47DB-A458-00418E046E51}.Debug|Any CPU.Build.0 = Debug|Any CPU
		{208B77DA-AAB2-47DB-A458-00418E046E51}.Release|Any CPU.ActiveCfg = Release|Any CPU
		{208B77DA-AAB2-47DB-A458-00418E046E51}.Release|Any CPU.Build.0 = Release|Any CPU
		{2C64223A-ECFE-463E-8977-372A50C4C8C6}.Debug|Any CPU.ActiveCfg = Debug|Any CPU
		{2C64223A-ECFE-463E-8977-372A50C4C8C6}.Debug|Any CPU.Build.0 = Debug|Any CPU
		{2C64223A-ECFE-463E-8977-372A50C4C8C6}.Release|Any CPU.ActiveCfg = Release|Any CPU
		{2C64223A-ECFE-463E-8977-372A50C4C8C6}.Release|Any CPU.Build.0 = Release|Any CPU
		{0484E5BC-624A-4DBE-BB8A-21C27ECCBC82}.Debug|Any CPU.ActiveCfg = Debug|Any CPU
		{0484E5BC-624A-4DBE-BB8A-21C27ECCBC82}.Debug|Any CPU.Build.0 = Debug|Any CPU
		{0484E5BC-624A-4DBE-BB8A-21C27ECCBC82}.Release|Any CPU.ActiveCfg = Release|Any CPU
		{0484E5BC-624A-4DBE-BB8A-21C27ECCBC82}.Release|Any CPU.Build.0 = Release|Any CPU
		{623E4E60-FEF0-4380-9F9E-7E56B05D85CF}.Debug|Any CPU.ActiveCfg = Debug|Any CPU
		{623E4E60-FEF0-4380-9F9E-7E56B05D85CF}.Debug|Any CPU.Build.0 = Debug|Any CPU
		{623E4E60-FEF0-4380-9F9E-7E56B05D85CF}.Release|Any CPU.ActiveCfg = Release|Any CPU
		{623E4E60-FEF0-4380-9F9E-7E56B05D85CF}.Release|Any CPU.Build.0 = Release|Any CPU
		{7E175B9B-58D6-4055-A532-DA45DFBA0B02}.Debug|Any CPU.ActiveCfg = Debug|Any CPU
		{7E175B9B-58D6-4055-A532-DA45DFBA0B02}.Debug|Any CPU.Build.0 = Debug|Any CPU
		{7E175B9B-58D6-4055-A532-DA45DFBA0B02}.Release|Any CPU.ActiveCfg = Release|Any CPU
		{7E175B9B-58D6-4055-A532-DA45DFBA0B02}.Release|Any CPU.Build.0 = Release|Any CPU
		{BC719183-FD0C-471F-BE70-E53C16413F91}.Debug|Any CPU.ActiveCfg = Debug|Any CPU
		{BC719183-FD0C-471F-BE70-E53C16413F91}.Debug|Any CPU.Build.0 = Debug|Any CPU
		{BC719183-FD0C-471F-BE70-E53C16413F91}.Release|Any CPU.ActiveCfg = Release|Any CPU
		{BC719183-FD0C-471F-BE70-E53C16413F91}.Release|Any CPU.Build.0 = Release|Any CPU
		{F3F60C41-A6B3-40A5-8D21-DBAEABD402ED}.Debug|Any CPU.ActiveCfg = Debug|Any CPU
		{F3F60C41-A6B3-40A5-8D21-DBAEABD402ED}.Debug|Any CPU.Build.0 = Debug|Any CPU
		{F3F60C41-A6B3-40A5-8D21-DBAEABD402ED}.Release|Any CPU.ActiveCfg = Release|Any CPU
		{F3F60C41-A6B3-40A5-8D21-DBAEABD402ED}.Release|Any CPU.Build.0 = Release|Any CPU
	EndGlobalSection
	GlobalSection(SolutionProperties) = preSolution
		HideSolutionNode = FALSE
	EndGlobalSection
	GlobalSection(ExtensibilityGlobals) = postSolution
		SolutionGuid = {5AD684CD-569B-40A0-8B35-0BE4C4F9642F}
	EndGlobalSection
EndGlobal
