
Microsoft Visual Studio Solution File, Format Version 12.00
# Visual Studio Version 16
VisualStudioVersion = 16.0.29306.81
MinimumVisualStudioVersion = 10.0.40219.1
Project("{FAE04EC0-301F-11D3-BF4B-00C04F79EFBC}") = "ExceptionHandling1", "ExceptionHandling1\ExceptionHandling1.csproj", "{78BF91F6-CF6F-432C-9A8B-E905C227D90E}"
EndProject
Project("{FAE04EC0-301F-11D3-BF4B-00C04F79EFBC}") = "Exception2_throw", "Exception2_throw\Exception2_throw.csproj", "{26CDF0ED-91F4-47F7-A1B8-E75B2DEE2DA7}"
EndProject
Project("{FAE04EC0-301F-11D3-BF4B-00C04F79EFBC}") = "Exception3_throw", "Exception3_throw\Exception3_throw.csproj", "{2F625C22-6458-4627-B2F5-C5E6057E9514}"
EndProject
Project("{FAE04EC0-301F-11D3-BF4B-00C04F79EFBC}") = "Exception4_finally", "Exception4_finally\Exception4_finally.csproj", "{1F5CE17D-8FF1-4498-8B44-24313E19E94F}"
EndProject
Project("{FAE04EC0-301F-11D3-BF4B-00C04F79EFBC}") = "Exercise15_Generic", "Exercise15_Generic\Exercise15_Generic.csproj", "{C9420106-EFEB-4121-AFBD-B9078753F3C4}"
EndProject
Global
	GlobalSection(SolutionConfigurationPlatforms) = preSolution
		Debug|Any CPU = Debug|Any CPU
		Release|Any CPU = Release|Any CPU
	EndGlobalSection
	GlobalSection(ProjectConfigurationPlatforms) = postSolution
		{78BF91F6-CF6F-432C-9A8B-E905C227D90E}.Debug|Any CPU.ActiveCfg = Debug|Any CPU
		{78BF91F6-CF6F-432C-9A8B-E905C227D90E}.Debug|Any CPU.Build.0 = Debug|Any CPU
		{78BF91F6-CF6F-432C-9A8B-E905C227D90E}.Release|Any CPU.ActiveCfg = Release|Any CPU
		{78BF91F6-CF6F-432C-9A8B-E905C227D90E}.Release|Any CPU.Build.0 = Release|Any CPU
		{26CDF0ED-91F4-47F7-A1B8-E75B2DEE2DA7}.Debug|Any CPU.ActiveCfg = Debug|Any CPU
		{26CDF0ED-91F4-47F7-A1B8-E75B2DEE2DA7}.Debug|Any CPU.Build.0 = Debug|Any CPU
		{26CDF0ED-91F4-47F7-A1B8-E75B2DEE2DA7}.Release|Any CPU.ActiveCfg = Release|Any CPU
		{26CDF0ED-91F4-47F7-A1B8-E75B2DEE2DA7}.Release|Any CPU.Build.0 = Release|Any CPU
		{2F625C22-6458-4627-B2F5-C5E6057E9514}.Debug|Any CPU.ActiveCfg = Debug|Any CPU
		{2F625C22-6458-4627-B2F5-C5E6057E9514}.Debug|Any CPU.Build.0 = Debug|Any CPU
		{2F625C22-6458-4627-B2F5-C5E6057E9514}.Release|Any CPU.ActiveCfg = Release|Any CPU
		{2F625C22-6458-4627-B2F5-C5E6057E9514}.Release|Any CPU.Build.0 = Release|Any CPU
		{1F5CE17D-8FF1-4498-8B44-24313E19E94F}.Debug|Any CPU.ActiveCfg = Debug|Any CPU
		{1F5CE17D-8FF1-4498-8B44-24313E19E94F}.Debug|Any CPU.Build.0 = Debug|Any CPU
		{1F5CE17D-8FF1-4498-8B44-24313E19E94F}.Release|Any CPU.ActiveCfg = Release|Any CPU
		{1F5CE17D-8FF1-4498-8B44-24313E19E94F}.Release|Any CPU.Build.0 = Release|Any CPU
		{C9420106-EFEB-4121-AFBD-B9078753F3C4}.Debug|Any CPU.ActiveCfg = Debug|Any CPU
		{C9420106-EFEB-4121-AFBD-B9078753F3C4}.Debug|Any CPU.Build.0 = Debug|Any CPU
		{C9420106-EFEB-4121-AFBD-B9078753F3C4}.Release|Any CPU.ActiveCfg = Release|Any CPU
		{C9420106-EFEB-4121-AFBD-B9078753F3C4}.Release|Any CPU.Build.0 = Release|Any CPU
	EndGlobalSection
	GlobalSection(SolutionProperties) = preSolution
		HideSolutionNode = FALSE
	EndGlobalSection
	GlobalSection(ExtensibilityGlobals) = postSolution
		SolutionGuid = {466BF5D0-E4D7-4B3B-921B-07E6F9B19159}
	EndGlobalSection
EndGlobal
