
Microsoft Visual Studio Solution File, Format Version 12.00
# Visual Studio Version 16
VisualStudioVersion = 16.0.29215.179
MinimumVisualStudioVersion = 10.0.40219.1
Project("{FAE04EC0-301F-11D3-BF4B-00C04F79EFBC}") = "InheritanceTest01", "InheritanceTest01\InheritanceTest01.csproj", "{6B9D7E8B-1D52-4521-B0E9-28F4BD86FAE6}"
EndProject
Global
	GlobalSection(SolutionConfigurationPlatforms) = preSolution
		Debug|Any CPU = Debug|Any CPU
		Release|Any CPU = Release|Any CPU
	EndGlobalSection
	GlobalSection(ProjectConfigurationPlatforms) = postSolution
		{6B9D7E8B-1D52-4521-B0E9-28F4BD86FAE6}.Debug|Any CPU.ActiveCfg = Debug|Any CPU
		{6B9D7E8B-1D52-4521-B0E9-28F4BD86FAE6}.Debug|Any CPU.Build.0 = Debug|Any CPU
		{6B9D7E8B-1D52-4521-B0E9-28F4BD86FAE6}.Release|Any CPU.ActiveCfg = Release|Any CPU
		{6B9D7E8B-1D52-4521-B0E9-28F4BD86FAE6}.Release|Any CPU.Build.0 = Release|Any CPU
	EndGlobalSection
	GlobalSection(SolutionProperties) = preSolution
		HideSolutionNode = FALSE
	EndGlobalSection
	GlobalSection(ExtensibilityGlobals) = postSolution
		SolutionGuid = {8D970F05-C793-4126-9BFB-AB67DDAE86E4}
	EndGlobalSection
EndGlobal
