
Microsoft Visual Studio Solution File, Format Version 12.00
# Visual Studio Version 16
VisualStudioVersion = 16.0.29201.188
MinimumVisualStudioVersion = 10.0.40219.1
Project("{FAE04EC0-301F-11D3-BF4B-00C04F79EFBC}") = "Exercise04", "DateTimeTest\Exercise04.csproj", "{EAF03439-70DF-475C-B0D0-5F4BCC337D22}"
EndProject
Project("{FAE04EC0-301F-11D3-BF4B-00C04F79EFBC}") = "Exercise05", "Exercise04\Exercise05.csproj", "{D1F78825-882F-454C-A825-6C0EE13C5ECA}"
EndProject
Project("{FAE04EC0-301F-11D3-BF4B-00C04F79EFBC}") = "SwitchCaseTest", "SwitchCaseTest\SwitchCaseTest.csproj", "{ED599A5B-C992-4E50-892F-31FEE20F9814}"
EndProject
Project("{FAE04EC0-301F-11D3-BF4B-00C04F79EFBC}") = "BreakAndContinue", "JumpStatement\BreakAndContinue.csproj", "{8F381631-1EC5-4FC9-A874-5450943EDF19}"
EndProject
Project("{FAE04EC0-301F-11D3-BF4B-00C04F79EFBC}") = "GotoTest", "GotoTest\GotoTest.csproj", "{453D7534-D836-44AA-BC4E-10E1373E8241}"
EndProject
Project("{FAE04EC0-301F-11D3-BF4B-00C04F79EFBC}") = "Exercise03", "Execise03\Exercise03.csproj", "{61C365D2-6B21-4E8E-9C98-12BCC1FA2C2C}"
EndProject
Project("{FAE04EC0-301F-11D3-BF4B-00C04F79EFBC}") = "MethodParameter", "RefOut parameter modifier\MethodParameter.csproj", "{C40EE9A9-31E5-474B-A811-F290ED0ACBF2}"
EndProject
Project("{FAE04EC0-301F-11D3-BF4B-00C04F79EFBC}") = "test", "test\test.csproj", "{D11ED27F-AB96-4D3C-841C-B01E78021207}"
EndProject
Global
	GlobalSection(SolutionConfigurationPlatforms) = preSolution
		Debug|Any CPU = Debug|Any CPU
		Release|Any CPU = Release|Any CPU
	EndGlobalSection
	GlobalSection(ProjectConfigurationPlatforms) = postSolution
		{EAF03439-70DF-475C-B0D0-5F4BCC337D22}.Debug|Any CPU.ActiveCfg = Debug|Any CPU
		{EAF03439-70DF-475C-B0D0-5F4BCC337D22}.Debug|Any CPU.Build.0 = Debug|Any CPU
		{EAF03439-70DF-475C-B0D0-5F4BCC337D22}.Release|Any CPU.ActiveCfg = Release|Any CPU
		{EAF03439-70DF-475C-B0D0-5F4BCC337D22}.Release|Any CPU.Build.0 = Release|Any CPU
		{D1F78825-882F-454C-A825-6C0EE13C5ECA}.Debug|Any CPU.ActiveCfg = Debug|Any CPU
		{D1F78825-882F-454C-A825-6C0EE13C5ECA}.Debug|Any CPU.Build.0 = Debug|Any CPU
		{D1F78825-882F-454C-A825-6C0EE13C5ECA}.Release|Any CPU.ActiveCfg = Release|Any CPU
		{D1F78825-882F-454C-A825-6C0EE13C5ECA}.Release|Any CPU.Build.0 = Release|Any CPU
		{ED599A5B-C992-4E50-892F-31FEE20F9814}.Debug|Any CPU.ActiveCfg = Debug|Any CPU
		{ED599A5B-C992-4E50-892F-31FEE20F9814}.Debug|Any CPU.Build.0 = Debug|Any CPU
		{ED599A5B-C992-4E50-892F-31FEE20F9814}.Release|Any CPU.ActiveCfg = Release|Any CPU
		{ED599A5B-C992-4E50-892F-31FEE20F9814}.Release|Any CPU.Build.0 = Release|Any CPU
		{8F381631-1EC5-4FC9-A874-5450943EDF19}.Debug|Any CPU.ActiveCfg = Debug|Any CPU
		{8F381631-1EC5-4FC9-A874-5450943EDF19}.Debug|Any CPU.Build.0 = Debug|Any CPU
		{8F381631-1EC5-4FC9-A874-5450943EDF19}.Release|Any CPU.ActiveCfg = Release|Any CPU
		{8F381631-1EC5-4FC9-A874-5450943EDF19}.Release|Any CPU.Build.0 = Release|Any CPU
		{453D7534-D836-44AA-BC4E-10E1373E8241}.Debug|Any CPU.ActiveCfg = Debug|Any CPU
		{453D7534-D836-44AA-BC4E-10E1373E8241}.Debug|Any CPU.Build.0 = Debug|Any CPU
		{453D7534-D836-44AA-BC4E-10E1373E8241}.Release|Any CPU.ActiveCfg = Release|Any CPU
		{453D7534-D836-44AA-BC4E-10E1373E8241}.Release|Any CPU.Build.0 = Release|Any CPU
		{61C365D2-6B21-4E8E-9C98-12BCC1FA2C2C}.Debug|Any CPU.ActiveCfg = Debug|Any CPU
		{61C365D2-6B21-4E8E-9C98-12BCC1FA2C2C}.Debug|Any CPU.Build.0 = Debug|Any CPU
		{61C365D2-6B21-4E8E-9C98-12BCC1FA2C2C}.Release|Any CPU.ActiveCfg = Release|Any CPU
		{61C365D2-6B21-4E8E-9C98-12BCC1FA2C2C}.Release|Any CPU.Build.0 = Release|Any CPU
		{C40EE9A9-31E5-474B-A811-F290ED0ACBF2}.Debug|Any CPU.ActiveCfg = Debug|Any CPU
		{C40EE9A9-31E5-474B-A811-F290ED0ACBF2}.Debug|Any CPU.Build.0 = Debug|Any CPU
		{C40EE9A9-31E5-474B-A811-F290ED0ACBF2}.Release|Any CPU.ActiveCfg = Release|Any CPU
		{C40EE9A9-31E5-474B-A811-F290ED0ACBF2}.Release|Any CPU.Build.0 = Release|Any CPU
		{D11ED27F-AB96-4D3C-841C-B01E78021207}.Debug|Any CPU.ActiveCfg = Debug|Any CPU
		{D11ED27F-AB96-4D3C-841C-B01E78021207}.Debug|Any CPU.Build.0 = Debug|Any CPU
		{D11ED27F-AB96-4D3C-841C-B01E78021207}.Release|Any CPU.ActiveCfg = Release|Any CPU
		{D11ED27F-AB96-4D3C-841C-B01E78021207}.Release|Any CPU.Build.0 = Release|Any CPU
	EndGlobalSection
	GlobalSection(SolutionProperties) = preSolution
		HideSolutionNode = FALSE
	EndGlobalSection
	GlobalSection(ExtensibilityGlobals) = postSolution
		SolutionGuid = {56063CB3-3D06-493F-AB17-DD18FFFC3568}
	EndGlobalSection
EndGlobal
