
Microsoft Visual Studio Solution File, Format Version 12.00
# Visual Studio Version 16
VisualStudioVersion = 16.0.30011.22
MinimumVisualStudioVersion = 10.0.40219.1
Project("{FAE04EC0-301F-11D3-BF4B-00C04F79EFBC}") = "AfterSchoolClass", "AfterSchoolClass\AfterSchoolClass.csproj", "{DB126806-015F-4E3F-9859-027BAEA98087}"
EndProject
Project("{FAE04EC0-301F-11D3-BF4B-00C04F79EFBC}") = "Ex01_CheckOddEvenNumber", "Ex01_CheckEvenOddNumber\Ex01_CheckOddEvenNumber.csproj", "{0088B00D-3F75-45DA-B682-37AEB48D1682}"
EndProject
Project("{FAE04EC0-301F-11D3-BF4B-00C04F79EFBC}") = "Ex02_PrintCurrentDate", "Ex02_PrintCurrentDate\Ex02_PrintCurrentDate.csproj", "{A1DA2608-8D5C-40B3-B579-2DA08CDA9AC9}"
EndProject
Project("{FAE04EC0-301F-11D3-BF4B-00C04F79EFBC}") = "Ex03_CheckAlphabet", "Ex03_CheckAlphabet\Ex03_CheckAlphabet.csproj", "{FA7F2389-8B7B-4A7E-A4DA-DF8C3527BE95}"
EndProject
Project("{FAE04EC0-301F-11D3-BF4B-00C04F79EFBC}") = "Ex04_RefOut", "Ex04_RefOut\Ex04_RefOut.csproj", "{9724285A-5B21-4B88-B08F-9D257587074D}"
EndProject
Project("{FAE04EC0-301F-11D3-BF4B-00C04F79EFBC}") = "Ex05_Overloading", "Ex05_Overloading\Ex05_Overloading.csproj", "{14A8B8AB-583A-4905-B882-E21343BDD61C}"
EndProject
Project("{FAE04EC0-301F-11D3-BF4B-00C04F79EFBC}") = "Ex06_parameter", "Ex06_parameter\Ex06_parameter.csproj", "{32557709-B317-4B9F-AE7C-F55F9004E51C}"
EndProject
Project("{FAE04EC0-301F-11D3-BF4B-00C04F79EFBC}") = "Ex07_Class", "Ex07_Class\Ex07_Class.csproj", "{33894C9F-1FBF-4725-8403-E4D471208773}"
EndProject
Project("{FAE04EC0-301F-11D3-BF4B-00C04F79EFBC}") = "Ex08_Class_thisConstructor", "Ex08_Class_thisConstructor\Ex08_Class_thisConstructor.csproj", "{1B0556ED-25F1-4BCF-AA37-639E51E333F8}"
EndProject
Project("{FAE04EC0-301F-11D3-BF4B-00C04F79EFBC}") = "Ex09_Class_AccessModifier", "Ex09_Class_AccessModifier\Ex09_Class_AccessModifier.csproj", "{81F58494-627C-4EB5-B0C9-1E0AEEA7EA8B}"
EndProject
Project("{FAE04EC0-301F-11D3-BF4B-00C04F79EFBC}") = "Ex10_Class_AccessModifier", "Ex10_Class_AccessModifier\Ex10_Class_AccessModifier.csproj", "{866C99B4-E77E-46AA-AB19-73542E24247D}"
EndProject
Project("{FAE04EC0-301F-11D3-BF4B-00C04F79EFBC}") = "Ex11_Class_IsAs", "Ex11_Class_IsAs\Ex11_Class_IsAs.csproj", "{0DD7EE29-BE89-428F-83FF-0D95E9D060A0}"
EndProject
Project("{FAE04EC0-301F-11D3-BF4B-00C04F79EFBC}") = "Ex13_Polymorphism", "Ex12_Polymorphism\Ex13_Polymorphism.csproj", "{A7AFFBC1-4FA5-4CBC-80F8-DFD2484CB744}"
EndProject
Project("{FAE04EC0-301F-11D3-BF4B-00C04F79EFBC}") = "Ex12_Class_SumDoubleOnly", "Ex10_Class_SumDoubleOnly\Ex12_Class_SumDoubleOnly.csproj", "{088ACDBA-1FEA-42B5-BC2D-FA8DDE815418}"
EndProject
Project("{FAE04EC0-301F-11D3-BF4B-00C04F79EFBC}") = "Ex14_Polymorphism", "Ex14_Polymorphism\Ex14_Polymorphism.csproj", "{591E18C1-1FD9-43E7-BC85-7A687C08B3EB}"
EndProject
Global
	GlobalSection(SolutionConfigurationPlatforms) = preSolution
		Debug|Any CPU = Debug|Any CPU
		Release|Any CPU = Release|Any CPU
	EndGlobalSection
	GlobalSection(ProjectConfigurationPlatforms) = postSolution
		{DB126806-015F-4E3F-9859-027BAEA98087}.Debug|Any CPU.ActiveCfg = Debug|Any CPU
		{DB126806-015F-4E3F-9859-027BAEA98087}.Debug|Any CPU.Build.0 = Debug|Any CPU
		{DB126806-015F-4E3F-9859-027BAEA98087}.Release|Any CPU.ActiveCfg = Release|Any CPU
		{DB126806-015F-4E3F-9859-027BAEA98087}.Release|Any CPU.Build.0 = Release|Any CPU
		{0088B00D-3F75-45DA-B682-37AEB48D1682}.Debug|Any CPU.ActiveCfg = Debug|Any CPU
		{0088B00D-3F75-45DA-B682-37AEB48D1682}.Debug|Any CPU.Build.0 = Debug|Any CPU
		{0088B00D-3F75-45DA-B682-37AEB48D1682}.Release|Any CPU.ActiveCfg = Release|Any CPU
		{0088B00D-3F75-45DA-B682-37AEB48D1682}.Release|Any CPU.Build.0 = Release|Any CPU
		{A1DA2608-8D5C-40B3-B579-2DA08CDA9AC9}.Debug|Any CPU.ActiveCfg = Debug|Any CPU
		{A1DA2608-8D5C-40B3-B579-2DA08CDA9AC9}.Debug|Any CPU.Build.0 = Debug|Any CPU
		{A1DA2608-8D5C-40B3-B579-2DA08CDA9AC9}.Release|Any CPU.ActiveCfg = Release|Any CPU
		{A1DA2608-8D5C-40B3-B579-2DA08CDA9AC9}.Release|Any CPU.Build.0 = Release|Any CPU
		{FA7F2389-8B7B-4A7E-A4DA-DF8C3527BE95}.Debug|Any CPU.ActiveCfg = Debug|Any CPU
		{FA7F2389-8B7B-4A7E-A4DA-DF8C3527BE95}.Debug|Any CPU.Build.0 = Debug|Any CPU
		{FA7F2389-8B7B-4A7E-A4DA-DF8C3527BE95}.Release|Any CPU.ActiveCfg = Release|Any CPU
		{FA7F2389-8B7B-4A7E-A4DA-DF8C3527BE95}.Release|Any CPU.Build.0 = Release|Any CPU
		{9724285A-5B21-4B88-B08F-9D257587074D}.Debug|Any CPU.ActiveCfg = Debug|Any CPU
		{9724285A-5B21-4B88-B08F-9D257587074D}.Debug|Any CPU.Build.0 = Debug|Any CPU
		{9724285A-5B21-4B88-B08F-9D257587074D}.Release|Any CPU.ActiveCfg = Release|Any CPU
		{9724285A-5B21-4B88-B08F-9D257587074D}.Release|Any CPU.Build.0 = Release|Any CPU
		{14A8B8AB-583A-4905-B882-E21343BDD61C}.Debug|Any CPU.ActiveCfg = Debug|Any CPU
		{14A8B8AB-583A-4905-B882-E21343BDD61C}.Debug|Any CPU.Build.0 = Debug|Any CPU
		{14A8B8AB-583A-4905-B882-E21343BDD61C}.Release|Any CPU.ActiveCfg = Release|Any CPU
		{14A8B8AB-583A-4905-B882-E21343BDD61C}.Release|Any CPU.Build.0 = Release|Any CPU
		{32557709-B317-4B9F-AE7C-F55F9004E51C}.Debug|Any CPU.ActiveCfg = Debug|Any CPU
		{32557709-B317-4B9F-AE7C-F55F9004E51C}.Debug|Any CPU.Build.0 = Debug|Any CPU
		{32557709-B317-4B9F-AE7C-F55F9004E51C}.Release|Any CPU.ActiveCfg = Release|Any CPU
		{32557709-B317-4B9F-AE7C-F55F9004E51C}.Release|Any CPU.Build.0 = Release|Any CPU
		{33894C9F-1FBF-4725-8403-E4D471208773}.Debug|Any CPU.ActiveCfg = Debug|Any CPU
		{33894C9F-1FBF-4725-8403-E4D471208773}.Debug|Any CPU.Build.0 = Debug|Any CPU
		{33894C9F-1FBF-4725-8403-E4D471208773}.Release|Any CPU.ActiveCfg = Release|Any CPU
		{33894C9F-1FBF-4725-8403-E4D471208773}.Release|Any CPU.Build.0 = Release|Any CPU
		{1B0556ED-25F1-4BCF-AA37-639E51E333F8}.Debug|Any CPU.ActiveCfg = Debug|Any CPU
		{1B0556ED-25F1-4BCF-AA37-639E51E333F8}.Debug|Any CPU.Build.0 = Debug|Any CPU
		{1B0556ED-25F1-4BCF-AA37-639E51E333F8}.Release|Any CPU.ActiveCfg = Release|Any CPU
		{1B0556ED-25F1-4BCF-AA37-639E51E333F8}.Release|Any CPU.Build.0 = Release|Any CPU
		{81F58494-627C-4EB5-B0C9-1E0AEEA7EA8B}.Debug|Any CPU.ActiveCfg = Debug|Any CPU
		{81F58494-627C-4EB5-B0C9-1E0AEEA7EA8B}.Debug|Any CPU.Build.0 = Debug|Any CPU
		{81F58494-627C-4EB5-B0C9-1E0AEEA7EA8B}.Release|Any CPU.ActiveCfg = Release|Any CPU
		{81F58494-627C-4EB5-B0C9-1E0AEEA7EA8B}.Release|Any CPU.Build.0 = Release|Any CPU
		{866C99B4-E77E-46AA-AB19-73542E24247D}.Debug|Any CPU.ActiveCfg = Debug|Any CPU
		{866C99B4-E77E-46AA-AB19-73542E24247D}.Debug|Any CPU.Build.0 = Debug|Any CPU
		{866C99B4-E77E-46AA-AB19-73542E24247D}.Release|Any CPU.ActiveCfg = Release|Any CPU
		{866C99B4-E77E-46AA-AB19-73542E24247D}.Release|Any CPU.Build.0 = Release|Any CPU
		{0DD7EE29-BE89-428F-83FF-0D95E9D060A0}.Debug|Any CPU.ActiveCfg = Debug|Any CPU
		{0DD7EE29-BE89-428F-83FF-0D95E9D060A0}.Debug|Any CPU.Build.0 = Debug|Any CPU
		{0DD7EE29-BE89-428F-83FF-0D95E9D060A0}.Release|Any CPU.ActiveCfg = Release|Any CPU
		{0DD7EE29-BE89-428F-83FF-0D95E9D060A0}.Release|Any CPU.Build.0 = Release|Any CPU
		{A7AFFBC1-4FA5-4CBC-80F8-DFD2484CB744}.Debug|Any CPU.ActiveCfg = Debug|Any CPU
		{A7AFFBC1-4FA5-4CBC-80F8-DFD2484CB744}.Debug|Any CPU.Build.0 = Debug|Any CPU
		{A7AFFBC1-4FA5-4CBC-80F8-DFD2484CB744}.Release|Any CPU.ActiveCfg = Release|Any CPU
		{A7AFFBC1-4FA5-4CBC-80F8-DFD2484CB744}.Release|Any CPU.Build.0 = Release|Any CPU
		{088ACDBA-1FEA-42B5-BC2D-FA8DDE815418}.Debug|Any CPU.ActiveCfg = Debug|Any CPU
		{088ACDBA-1FEA-42B5-BC2D-FA8DDE815418}.Debug|Any CPU.Build.0 = Debug|Any CPU
		{088ACDBA-1FEA-42B5-BC2D-FA8DDE815418}.Release|Any CPU.ActiveCfg = Release|Any CPU
		{088ACDBA-1FEA-42B5-BC2D-FA8DDE815418}.Release|Any CPU.Build.0 = Release|Any CPU
		{591E18C1-1FD9-43E7-BC85-7A687C08B3EB}.Debug|Any CPU.ActiveCfg = Debug|Any CPU
		{591E18C1-1FD9-43E7-BC85-7A687C08B3EB}.Debug|Any CPU.Build.0 = Debug|Any CPU
		{591E18C1-1FD9-43E7-BC85-7A687C08B3EB}.Release|Any CPU.ActiveCfg = Release|Any CPU
		{591E18C1-1FD9-43E7-BC85-7A687C08B3EB}.Release|Any CPU.Build.0 = Release|Any CPU
	EndGlobalSection
	GlobalSection(SolutionProperties) = preSolution
		HideSolutionNode = FALSE
	EndGlobalSection
	GlobalSection(ExtensibilityGlobals) = postSolution
		SolutionGuid = {5DD4F7CD-405A-4212-A525-9C9CC9F99069}
	EndGlobalSection
EndGlobal
