
Microsoft Visual Studio Solution File, Format Version 12.00
# Visual Studio Version 16
VisualStudioVersion = 16.0.30011.22
MinimumVisualStudioVersion = 10.0.40219.1
Project("{FAE04EC0-301F-11D3-BF4B-00C04F79EFBC}") = "AfterSchoolClass2020", "AfterSchoolClass2020\AfterSchoolClass2020.csproj", "{25267E64-9623-4588-9619-4FDBEE3C2F40}"
EndProject
Project("{FAE04EC0-301F-11D3-BF4B-00C04F79EFBC}") = "Ex01_PrintOddEvenNumber", "Ex01_PrintOddEvenNumber\Ex01_PrintOddEvenNumber.csproj", "{E531E3A5-8B7D-4EF2-9AE1-5CAD545EC249}"
EndProject
Project("{FAE04EC0-301F-11D3-BF4B-00C04F79EFBC}") = "Ex02_DateTime", "Ex02_DateTime\Ex02_DateTime.csproj", "{BEABFCE5-3220-4E07-B2D6-A6640159ED33}"
EndProject
Project("{FAE04EC0-301F-11D3-BF4B-00C04F79EFBC}") = "Ex03_CheckAlphabet", "Ex03_CheckAlphabet\Ex03_CheckAlphabet.csproj", "{280C53B1-379A-45ED-9634-3CD0287901B2}"
EndProject
Project("{FAE04EC0-301F-11D3-BF4B-00C04F79EFBC}") = "Ex04_RefOut", "Ex04_parameter\Ex04_RefOut.csproj", "{0AB149F6-3E24-43F0-A7CB-760C9AD377EC}"
EndProject
Project("{FAE04EC0-301F-11D3-BF4B-00C04F79EFBC}") = "Ex05_overloading", "Ex05_overloading\Ex05_overloading.csproj", "{1EE566C7-4F39-45E2-8A9D-160D50B336F9}"
EndProject
Project("{FAE04EC0-301F-11D3-BF4B-00C04F79EFBC}") = "Ex06_parameter", "Ex06_parameter\Ex06_parameter.csproj", "{CF4E4A34-46EB-45C0-88D6-70E663C8766B}"
EndProject
Project("{FAE04EC0-301F-11D3-BF4B-00C04F79EFBC}") = "Ex07_Class", "Ex07_Class\Ex07_Class.csproj", "{CE13CFC4-90B5-4589-91FE-4A52F0B03F7B}"
EndProject
Project("{FAE04EC0-301F-11D3-BF4B-00C04F79EFBC}") = "Ex08_Class", "Ex08_Class\Ex08_Class.csproj", "{8D9BA682-BD96-43DC-8FA4-44A7F682F80E}"
EndProject
Project("{FAE04EC0-301F-11D3-BF4B-00C04F79EFBC}") = "Ex09_Class_AccessModifier", "Ex09_Class_AccessModifier\Ex09_Class_AccessModifier.csproj", "{3D9391E8-CDF2-4944-87CE-7F6ED0D27B97}"
EndProject
Project("{FAE04EC0-301F-11D3-BF4B-00C04F79EFBC}") = "Ex10_Class_AccessModifier", "Ex10_Class_AccessModifier\Ex10_Class_AccessModifier.csproj", "{00D72B23-CE7D-44AC-A4C8-22299E82BC98}"
EndProject
Project("{FAE04EC0-301F-11D3-BF4B-00C04F79EFBC}") = "Ex11_IsAs", "Ex11_IsAs\Ex11_IsAs.csproj", "{29875C0A-60C3-421B-84A9-D0C89AC9E254}"
EndProject
Project("{FAE04EC0-301F-11D3-BF4B-00C04F79EFBC}") = "Ex14_Polymorphism", "Ex14_Polymorphism\Ex14_Polymorphism.csproj", "{5C6B4409-A4A4-40E9-91B8-FB479C841FD5}"
EndProject
Project("{FAE04EC0-301F-11D3-BF4B-00C04F79EFBC}") = "Ex16_NestedClass", "Ex16_NestedClass\Ex16_NestedClass.csproj", "{63333561-0CDC-4927-B45F-3E7492228707}"
EndProject
Project("{FAE04EC0-301F-11D3-BF4B-00C04F79EFBC}") = "Ex19_Property", "Ex19_Property\Ex19_Property.csproj", "{0985F9DD-F50A-47BB-A563-D4BCC7465ED0}"
EndProject
Project("{FAE04EC0-301F-11D3-BF4B-00C04F79EFBC}") = "Ex20_Property", "Ex20_Property\Ex20_Property.csproj", "{7B1AFFBC-0A1D-4FAC-821E-F9093A00BB65}"
EndProject
Project("{FAE04EC0-301F-11D3-BF4B-00C04F79EFBC}") = "Ex21_Property", "Ex21_Property\Ex21_Property.csproj", "{061C11F4-2571-47B1-A11D-FEA2B9CB5B64}"
EndProject
Global
	GlobalSection(SolutionConfigurationPlatforms) = preSolution
		Debug|Any CPU = Debug|Any CPU
		Release|Any CPU = Release|Any CPU
	EndGlobalSection
	GlobalSection(ProjectConfigurationPlatforms) = postSolution
		{25267E64-9623-4588-9619-4FDBEE3C2F40}.Debug|Any CPU.ActiveCfg = Debug|Any CPU
		{25267E64-9623-4588-9619-4FDBEE3C2F40}.Debug|Any CPU.Build.0 = Debug|Any CPU
		{25267E64-9623-4588-9619-4FDBEE3C2F40}.Release|Any CPU.ActiveCfg = Release|Any CPU
		{25267E64-9623-4588-9619-4FDBEE3C2F40}.Release|Any CPU.Build.0 = Release|Any CPU
		{E531E3A5-8B7D-4EF2-9AE1-5CAD545EC249}.Debug|Any CPU.ActiveCfg = Debug|Any CPU
		{E531E3A5-8B7D-4EF2-9AE1-5CAD545EC249}.Debug|Any CPU.Build.0 = Debug|Any CPU
		{E531E3A5-8B7D-4EF2-9AE1-5CAD545EC249}.Release|Any CPU.ActiveCfg = Release|Any CPU
		{E531E3A5-8B7D-4EF2-9AE1-5CAD545EC249}.Release|Any CPU.Build.0 = Release|Any CPU
		{BEABFCE5-3220-4E07-B2D6-A6640159ED33}.Debug|Any CPU.ActiveCfg = Debug|Any CPU
		{BEABFCE5-3220-4E07-B2D6-A6640159ED33}.Debug|Any CPU.Build.0 = Debug|Any CPU
		{BEABFCE5-3220-4E07-B2D6-A6640159ED33}.Release|Any CPU.ActiveCfg = Release|Any CPU
		{BEABFCE5-3220-4E07-B2D6-A6640159ED33}.Release|Any CPU.Build.0 = Release|Any CPU
		{280C53B1-379A-45ED-9634-3CD0287901B2}.Debug|Any CPU.ActiveCfg = Debug|Any CPU
		{280C53B1-379A-45ED-9634-3CD0287901B2}.Debug|Any CPU.Build.0 = Debug|Any CPU
		{280C53B1-379A-45ED-9634-3CD0287901B2}.Release|Any CPU.ActiveCfg = Release|Any CPU
		{280C53B1-379A-45ED-9634-3CD0287901B2}.Release|Any CPU.Build.0 = Release|Any CPU
		{0AB149F6-3E24-43F0-A7CB-760C9AD377EC}.Debug|Any CPU.ActiveCfg = Debug|Any CPU
		{0AB149F6-3E24-43F0-A7CB-760C9AD377EC}.Debug|Any CPU.Build.0 = Debug|Any CPU
		{0AB149F6-3E24-43F0-A7CB-760C9AD377EC}.Release|Any CPU.ActiveCfg = Release|Any CPU
		{0AB149F6-3E24-43F0-A7CB-760C9AD377EC}.Release|Any CPU.Build.0 = Release|Any CPU
		{1EE566C7-4F39-45E2-8A9D-160D50B336F9}.Debug|Any CPU.ActiveCfg = Debug|Any CPU
		{1EE566C7-4F39-45E2-8A9D-160D50B336F9}.Debug|Any CPU.Build.0 = Debug|Any CPU
		{1EE566C7-4F39-45E2-8A9D-160D50B336F9}.Release|Any CPU.ActiveCfg = Release|Any CPU
		{1EE566C7-4F39-45E2-8A9D-160D50B336F9}.Release|Any CPU.Build.0 = Release|Any CPU
		{CF4E4A34-46EB-45C0-88D6-70E663C8766B}.Debug|Any CPU.ActiveCfg = Debug|Any CPU
		{CF4E4A34-46EB-45C0-88D6-70E663C8766B}.Debug|Any CPU.Build.0 = Debug|Any CPU
		{CF4E4A34-46EB-45C0-88D6-70E663C8766B}.Release|Any CPU.ActiveCfg = Release|Any CPU
		{CF4E4A34-46EB-45C0-88D6-70E663C8766B}.Release|Any CPU.Build.0 = Release|Any CPU
		{CE13CFC4-90B5-4589-91FE-4A52F0B03F7B}.Debug|Any CPU.ActiveCfg = Debug|Any CPU
		{CE13CFC4-90B5-4589-91FE-4A52F0B03F7B}.Debug|Any CPU.Build.0 = Debug|Any CPU
		{CE13CFC4-90B5-4589-91FE-4A52F0B03F7B}.Release|Any CPU.ActiveCfg = Release|Any CPU
		{CE13CFC4-90B5-4589-91FE-4A52F0B03F7B}.Release|Any CPU.Build.0 = Release|Any CPU
		{8D9BA682-BD96-43DC-8FA4-44A7F682F80E}.Debug|Any CPU.ActiveCfg = Debug|Any CPU
		{8D9BA682-BD96-43DC-8FA4-44A7F682F80E}.Debug|Any CPU.Build.0 = Debug|Any CPU
		{8D9BA682-BD96-43DC-8FA4-44A7F682F80E}.Release|Any CPU.ActiveCfg = Release|Any CPU
		{8D9BA682-BD96-43DC-8FA4-44A7F682F80E}.Release|Any CPU.Build.0 = Release|Any CPU
		{3D9391E8-CDF2-4944-87CE-7F6ED0D27B97}.Debug|Any CPU.ActiveCfg = Debug|Any CPU
		{3D9391E8-CDF2-4944-87CE-7F6ED0D27B97}.Debug|Any CPU.Build.0 = Debug|Any CPU
		{3D9391E8-CDF2-4944-87CE-7F6ED0D27B97}.Release|Any CPU.ActiveCfg = Release|Any CPU
		{3D9391E8-CDF2-4944-87CE-7F6ED0D27B97}.Release|Any CPU.Build.0 = Release|Any CPU
		{00D72B23-CE7D-44AC-A4C8-22299E82BC98}.Debug|Any CPU.ActiveCfg = Debug|Any CPU
		{00D72B23-CE7D-44AC-A4C8-22299E82BC98}.Debug|Any CPU.Build.0 = Debug|Any CPU
		{00D72B23-CE7D-44AC-A4C8-22299E82BC98}.Release|Any CPU.ActiveCfg = Release|Any CPU
		{00D72B23-CE7D-44AC-A4C8-22299E82BC98}.Release|Any CPU.Build.0 = Release|Any CPU
		{29875C0A-60C3-421B-84A9-D0C89AC9E254}.Debug|Any CPU.ActiveCfg = Debug|Any CPU
		{29875C0A-60C3-421B-84A9-D0C89AC9E254}.Debug|Any CPU.Build.0 = Debug|Any CPU
		{29875C0A-60C3-421B-84A9-D0C89AC9E254}.Release|Any CPU.ActiveCfg = Release|Any CPU
		{29875C0A-60C3-421B-84A9-D0C89AC9E254}.Release|Any CPU.Build.0 = Release|Any CPU
		{5C6B4409-A4A4-40E9-91B8-FB479C841FD5}.Debug|Any CPU.ActiveCfg = Debug|Any CPU
		{5C6B4409-A4A4-40E9-91B8-FB479C841FD5}.Debug|Any CPU.Build.0 = Debug|Any CPU
		{5C6B4409-A4A4-40E9-91B8-FB479C841FD5}.Release|Any CPU.ActiveCfg = Release|Any CPU
		{5C6B4409-A4A4-40E9-91B8-FB479C841FD5}.Release|Any CPU.Build.0 = Release|Any CPU
		{63333561-0CDC-4927-B45F-3E7492228707}.Debug|Any CPU.ActiveCfg = Debug|Any CPU
		{63333561-0CDC-4927-B45F-3E7492228707}.Debug|Any CPU.Build.0 = Debug|Any CPU
		{63333561-0CDC-4927-B45F-3E7492228707}.Release|Any CPU.ActiveCfg = Release|Any CPU
		{63333561-0CDC-4927-B45F-3E7492228707}.Release|Any CPU.Build.0 = Release|Any CPU
		{0985F9DD-F50A-47BB-A563-D4BCC7465ED0}.Debug|Any CPU.ActiveCfg = Debug|Any CPU
		{0985F9DD-F50A-47BB-A563-D4BCC7465ED0}.Debug|Any CPU.Build.0 = Debug|Any CPU
		{0985F9DD-F50A-47BB-A563-D4BCC7465ED0}.Release|Any CPU.ActiveCfg = Release|Any CPU
		{0985F9DD-F50A-47BB-A563-D4BCC7465ED0}.Release|Any CPU.Build.0 = Release|Any CPU
		{7B1AFFBC-0A1D-4FAC-821E-F9093A00BB65}.Debug|Any CPU.ActiveCfg = Debug|Any CPU
		{7B1AFFBC-0A1D-4FAC-821E-F9093A00BB65}.Debug|Any CPU.Build.0 = Debug|Any CPU
		{7B1AFFBC-0A1D-4FAC-821E-F9093A00BB65}.Release|Any CPU.ActiveCfg = Release|Any CPU
		{7B1AFFBC-0A1D-4FAC-821E-F9093A00BB65}.Release|Any CPU.Build.0 = Release|Any CPU
		{061C11F4-2571-47B1-A11D-FEA2B9CB5B64}.Debug|Any CPU.ActiveCfg = Debug|Any CPU
		{061C11F4-2571-47B1-A11D-FEA2B9CB5B64}.Debug|Any CPU.Build.0 = Debug|Any CPU
		{061C11F4-2571-47B1-A11D-FEA2B9CB5B64}.Release|Any CPU.ActiveCfg = Release|Any CPU
		{061C11F4-2571-47B1-A11D-FEA2B9CB5B64}.Release|Any CPU.Build.0 = Release|Any CPU
	EndGlobalSection
	GlobalSection(SolutionProperties) = preSolution
		HideSolutionNode = FALSE
	EndGlobalSection
	GlobalSection(ExtensibilityGlobals) = postSolution
		SolutionGuid = {5E4C7F16-80C7-4AAF-A914-A035BE24C472}
	EndGlobalSection
EndGlobal
