
Microsoft Visual Studio Solution File, Format Version 12.00
# Visual Studio Version 16
VisualStudioVersion = 16.0.29503.13
MinimumVisualStudioVersion = 10.0.40219.1
Project("{FAE04EC0-301F-11D3-BF4B-00C04F79EFBC}") = "HanLightMarket", "HanLightMarket\HanLightMarket.csproj", "{79FF2899-8277-47CC-9496-BE9AC9ECC00C}"
EndProject
Global
	GlobalSection(SolutionConfigurationPlatforms) = preSolution
		Debug|Any CPU = Debug|Any CPU
		Release|Any CPU = Release|Any CPU
	EndGlobalSection
	GlobalSection(ProjectConfigurationPlatforms) = postSolution
		{79FF2899-8277-47CC-9496-BE9AC9ECC00C}.Debug|Any CPU.ActiveCfg = Debug|Any CPU
		{79FF2899-8277-47CC-9496-BE9AC9ECC00C}.Debug|Any CPU.Build.0 = Debug|Any CPU
		{79FF2899-8277-47CC-9496-BE9AC9ECC00C}.Release|Any CPU.ActiveCfg = Release|Any CPU
		{79FF2899-8277-47CC-9496-BE9AC9ECC00C}.Release|Any CPU.Build.0 = Release|Any CPU
	EndGlobalSection
	GlobalSection(SolutionProperties) = preSolution
		HideSolutionNode = FALSE
	EndGlobalSection
	GlobalSection(ExtensibilityGlobals) = postSolution
		SolutionGuid = {D9409518-2CBA-4958-9DB6-06843A2B098C}
	EndGlobalSection
EndGlobal
